
Microsoft Visual Studio Solution File, Format Version 12.00
# Visual Studio Version 17
VisualStudioVersion = 17.2.32616.157
MinimumVisualStudioVersion = 10.0.40219.1
Project("{8BC9CEB8-8B4A-11D0-8D11-00A0C91BC942}") = "LeetCode", "LeetCode\LeetCode.vcxproj", "{A250871B-FA02-479B-9132-A556457F9CF5}"
EndProject
Project("{8BC9CEB8-8B4A-11D0-8D11-00A0C91BC942}") = "NowCoder", "NowCoder\NowCoder.vcxproj", "{C215C281-8378-464A-9824-95A575F607EF}"
EndProject
Global
	GlobalSection(SolutionConfigurationPlatforms) = preSolution
		Debug|x64 = Debug|x64
		Debug|x86 = Debug|x86
		Release|x64 = Release|x64
		Release|x86 = Release|x86
	EndGlobalSection
	GlobalSection(ProjectConfigurationPlatforms) = postSolution
		{A250871B-FA02-479B-9132-A556457F9CF5}.Debug|x64.ActiveCfg = Debug|x64
		{A250871B-FA02-479B-9132-A556457F9CF5}.Debug|x64.Build.0 = Debug|x64
		{A250871B-FA02-479B-9132-A556457F9CF5}.Debug|x86.ActiveCfg = Debug|Win32
		{A250871B-FA02-479B-9132-A556457F9CF5}.Debug|x86.Build.0 = Debug|Win32
		{A250871B-FA02-479B-9132-A556457F9CF5}.Release|x64.ActiveCfg = Release|x64
		{A250871B-FA02-479B-9132-A556457F9CF5}.Release|x64.Build.0 = Release|x64
		{A250871B-FA02-479B-9132-A556457F9CF5}.Release|x86.ActiveCfg = Release|Win32
		{A250871B-FA02-479B-9132-A556457F9CF5}.Release|x86.Build.0 = Release|Win32
		{C215C281-8378-464A-9824-95A575F607EF}.Debug|x64.ActiveCfg = Debug|x64
		{C215C281-8378-464A-9824-95A575F607EF}.Debug|x64.Build.0 = Debug|x64
		{C215C281-8378-464A-9824-95A575F607EF}.Debug|x86.ActiveCfg = Debug|Win32
		{C215C281-8378-464A-9824-95A575F607EF}.Debug|x86.Build.0 = Debug|Win32
		{C215C281-8378-464A-9824-95A575F607EF}.Release|x64.ActiveCfg = Release|x64
		{C215C281-8378-464A-9824-95A575F607EF}.Release|x64.Build.0 = Release|x64
		{C215C281-8378-464A-9824-95A575F607EF}.Release|x86.ActiveCfg = Release|Win32
		{C215C281-8378-464A-9824-95A575F607EF}.Release|x86.Build.0 = Release|Win32
	EndGlobalSection
	GlobalSection(SolutionProperties) = preSolution
		HideSolutionNode = FALSE
	EndGlobalSection
	GlobalSection(ExtensibilityGlobals) = postSolution
		SolutionGuid = {E61F6421-949F-4BEE-9956-1EC963B446CF}
	EndGlobalSection
EndGlobal
